// !$*UTF8*$!
{
	archiveVersion = 1;
	classes = {
	};
	objectVersion = 50;
	objects = {

/* Begin PBXBuildFile section */
		48327064233A786B008AA777 /* AppDelegate.swift in Sources */ = {isa = PBXBuildFile; fileRef = 48327063233A786B008AA777 /* AppDelegate.swift */; };
		48327066233A786B008AA777 /* ViewController.swift in Sources */ = {isa = PBXBuildFile; fileRef = 48327065233A786B008AA777 /* ViewController.swift */; };
		48327068233A786C008AA777 /* Assets.xcassets in Resources */ = {isa = PBXBuildFile; fileRef = 48327067233A786C008AA777 /* Assets.xcassets */; };
		4832706B233A786C008AA777 /* Main.storyboard in Resources */ = {isa = PBXBuildFile; fileRef = 48327069233A786C008AA777 /* Main.storyboard */; };
		C83F42FA23550056003E670B /* MessageViewController.swift in Sources */ = {isa = PBXBuildFile; fileRef = C83F42F923550056003E670B /* MessageViewController.swift */; };
		C875A977235A4D060037E6D3 /* Command.swift in Sources */ = {isa = PBXBuildFile; fileRef = C875A975235A4D060037E6D3 /* Command.swift */; };
		C875A978235A4D060037E6D3 /* ListCommand.swift in Sources */ = {isa = PBXBuildFile; fileRef = C875A976235A4D060037E6D3 /* ListCommand.swift */; };
		C875A97A235A52BA0037E6D3 /* DeleteCommand.swift in Sources */ = {isa = PBXBuildFile; fileRef = C875A979235A52BA0037E6D3 /* DeleteCommand.swift */; };
		C875A97C235A52D50037E6D3 /* ToolchainVersionCommand.swift in Sources */ = {isa = PBXBuildFile; fileRef = C875A97B235A52D50037E6D3 /* ToolchainVersionCommand.swift */; };
		C8C6810D235A54CB0061E8FC /* SimCtlCommand.swift in Sources */ = {isa = PBXBuildFile; fileRef = C8C6810C235A54CB0061E8FC /* SimCtlCommand.swift */; };
/* End PBXBuildFile section */

/* Begin PBXFileReference section */
		48327060233A786B008AA777 /* SimBatchDelete.app */ = {isa = PBXFileReference; explicitFileType = wrapper.application; includeInIndex = 0; path = SimBatchDelete.app; sourceTree = BUILT_PRODUCTS_DIR; };
		48327063233A786B008AA777 /* AppDelegate.swift */ = {isa = PBXFileReference; lastKnownFileType = sourcecode.swift; path = AppDelegate.swift; sourceTree = "<group>"; };
		48327065233A786B008AA777 /* ViewController.swift */ = {isa = PBXFileReference; lastKnownFileType = sourcecode.swift; path = ViewController.swift; sourceTree = "<group>"; };
		48327067233A786C008AA777 /* Assets.xcassets */ = {isa = PBXFileReference; lastKnownFileType = folder.assetcatalog; path = Assets.xcassets; sourceTree = "<group>"; };
		4832706A233A786C008AA777 /* Base */ = {isa = PBXFileReference; lastKnownFileType = file.storyboard; name = Base; path = Base.lproj/Main.storyboard; sourceTree = "<group>"; };
		4832706C233A786C008AA777 /* Info.plist */ = {isa = PBXFileReference; lastKnownFileType = text.plist.xml; path = Info.plist; sourceTree = "<group>"; };
		4832706D233A786C008AA777 /* SimBatchDelete.entitlements */ = {isa = PBXFileReference; lastKnownFileType = text.plist.entitlements; path = SimBatchDelete.entitlements; sourceTree = "<group>"; };
		C83F42F923550056003E670B /* MessageViewController.swift */ = {isa = PBXFileReference; lastKnownFileType = sourcecode.swift; path = MessageViewController.swift; sourceTree = "<group>"; };
		C875A975235A4D060037E6D3 /* Command.swift */ = {isa = PBXFileReference; fileEncoding = 4; lastKnownFileType = sourcecode.swift; path = Command.swift; sourceTree = "<group>"; };
		C875A976235A4D060037E6D3 /* ListCommand.swift */ = {isa = PBXFileReference; fileEncoding = 4; lastKnownFileType = sourcecode.swift; path = ListCommand.swift; sourceTree = "<group>"; };
		C875A979235A52BA0037E6D3 /* DeleteCommand.swift */ = {isa = PBXFileReference; lastKnownFileType = sourcecode.swift; path = DeleteCommand.swift; sourceTree = "<group>"; };
		C875A97B235A52D50037E6D3 /* ToolchainVersionCommand.swift */ = {isa = PBXFileReference; lastKnownFileType = sourcecode.swift; path = ToolchainVersionCommand.swift; sourceTree = "<group>"; };
		C8C6810C235A54CB0061E8FC /* SimCtlCommand.swift */ = {isa = PBXFileReference; lastKnownFileType = sourcecode.swift; path = SimCtlCommand.swift; sourceTree = "<group>"; };
/* End PBXFileReference section */

/* Begin PBXFrameworksBuildPhase section */
		4832705D233A786B008AA777 /* Frameworks */ = {
			isa = PBXFrameworksBuildPhase;
			buildActionMask = 2147483647;
			files = (
			);
			runOnlyForDeploymentPostprocessing = 0;
		};
/* End PBXFrameworksBuildPhase section */

/* Begin PBXGroup section */
		48327057233A786B008AA777 = {
			isa = PBXGroup;
			children = (
				48327062233A786B008AA777 /* SimBatchDelete */,
				48327061233A786B008AA777 /* Products */,
			);
			sourceTree = "<group>";
		};
		48327061233A786B008AA777 /* Products */ = {
			isa = PBXGroup;
			children = (
				48327060233A786B008AA777 /* SimBatchDelete.app */,
			);
			name = Products;
			sourceTree = "<group>";
		};
		48327062233A786B008AA777 /* SimBatchDelete */ = {
			isa = PBXGroup;
			children = (
				C875A970235A49070037E6D3 /* Sources */,
				48327067233A786C008AA777 /* Assets.xcassets */,
				48327069233A786C008AA777 /* Main.storyboard */,
				4832706C233A786C008AA777 /* Info.plist */,
				4832706D233A786C008AA777 /* SimBatchDelete.entitlements */,
			);
			path = SimBatchDelete;
			sourceTree = "<group>";
		};
		C875A970235A49070037E6D3 /* Sources */ = {
			isa = PBXGroup;
			children = (
				48327063233A786B008AA777 /* AppDelegate.swift */,
				C875A971235A49270037E6D3 /* Command */,
				C875A972235A496C0037E6D3 /* Screens */,
			);
			path = Sources;
			sourceTree = "<group>";
		};
		C875A971235A49270037E6D3 /* Command */ = {
			isa = PBXGroup;
			children = (
				C875A975235A4D060037E6D3 /* Command.swift */,
				C875A979235A52BA0037E6D3 /* DeleteCommand.swift */,
				C875A976235A4D060037E6D3 /* ListCommand.swift */,
				C8C6810C235A54CB0061E8FC /* SimCtlCommand.swift */,
				C875A97B235A52D50037E6D3 /* ToolchainVersionCommand.swift */,
			);
			path = Command;
			sourceTree = "<group>";
		};
		C875A972235A496C0037E6D3 /* Screens */ = {
			isa = PBXGroup;
			children = (
				C83F42F923550056003E670B /* MessageViewController.swift */,
				48327065233A786B008AA777 /* ViewController.swift */,
			);
			path = Screens;
			sourceTree = "<group>";
		};
/* End PBXGroup section */

/* Begin PBXNativeTarget section */
		4832705F233A786B008AA777 /* SimBatchDelete */ = {
			isa = PBXNativeTarget;
			buildConfigurationList = 48327070233A786C008AA777 /* Build configuration list for PBXNativeTarget "SimBatchDelete" */;
			buildPhases = (
				4832705C233A786B008AA777 /* Sources */,
				4832705D233A786B008AA777 /* Frameworks */,
				4832705E233A786B008AA777 /* Resources */,
			);
			buildRules = (
			);
			dependencies = (
			);
			name = SimBatchDelete;
			productName = SimBatchDelete;
			productReference = 48327060233A786B008AA777 /* SimBatchDelete.app */;
			productType = "com.apple.product-type.application";
		};
/* End PBXNativeTarget section */

/* Begin PBXProject section */
		48327058233A786B008AA777 /* Project object */ = {
			isa = PBXProject;
			attributes = {
				LastSwiftUpdateCheck = 1100;
				LastUpgradeCheck = 1250;
				ORGANIZATIONNAME = pakaz.net;
				TargetAttributes = {
					4832705F233A786B008AA777 = {
						CreatedOnToolsVersion = 11.0;
					};
				};
			};
			buildConfigurationList = 4832705B233A786B008AA777 /* Build configuration list for PBXProject "SimBatchDelete" */;
			compatibilityVersion = "Xcode 9.3";
			developmentRegion = en;
			hasScannedForEncodings = 0;
			knownRegions = (
				en,
				Base,
			);
			mainGroup = 48327057233A786B008AA777;
			productRefGroup = 48327061233A786B008AA777 /* Products */;
			projectDirPath = "";
			projectRoot = "";
			targets = (
				4832705F233A786B008AA777 /* SimBatchDelete */,
			);
		};
/* End PBXProject section */

/* Begin PBXResourcesBuildPhase section */
		4832705E233A786B008AA777 /* Resources */ = {
			isa = PBXResourcesBuildPhase;
			buildActionMask = 2147483647;
			files = (
				48327068233A786C008AA777 /* Assets.xcassets in Resources */,
				4832706B233A786C008AA777 /* Main.storyboard in Resources */,
			);
			runOnlyForDeploymentPostprocessing = 0;
		};
/* End PBXResourcesBuildPhase section */

/* Begin PBXSourcesBuildPhase section */
		4832705C233A786B008AA777 /* Sources */ = {
			isa = PBXSourcesBuildPhase;
			buildActionMask = 2147483647;
			files = (
				C875A97A235A52BA0037E6D3 /* DeleteCommand.swift in Sources */,
				C8C6810D235A54CB0061E8FC /* SimCtlCommand.swift in Sources */,
				C875A978235A4D060037E6D3 /* ListCommand.swift in Sources */,
				48327066233A786B008AA777 /* ViewController.swift in Sources */,
				C83F42FA23550056003E670B /* MessageViewController.swift in Sources */,
				48327064233A786B008AA777 /* AppDelegate.swift in Sources */,
				C875A977235A4D060037E6D3 /* Command.swift in Sources */,
				C875A97C235A52D50037E6D3 /* ToolchainVersionCommand.swift in Sources */,
			);
			runOnlyForDeploymentPostprocessing = 0;
		};
/* End PBXSourcesBuildPhase section */

/* Begin PBXVariantGroup section */
		48327069233A786C008AA777 /* Main.storyboard */ = {
			isa = PBXVariantGroup;
			children = (
				4832706A233A786C008AA777 /* Base */,
			);
			name = Main.storyboard;
			sourceTree = "<group>";
		};
/* End PBXVariantGroup section */

/* Begin XCBuildConfiguration section */
		4832706E233A786C008AA777 /* Debug */ = {
			isa = XCBuildConfiguration;
			buildSettings = {
				ALWAYS_SEARCH_USER_PATHS = NO;
				CLANG_ANALYZER_NONNULL = YES;
				CLANG_ANALYZER_NUMBER_OBJECT_CONVERSION = YES_AGGRESSIVE;
				CLANG_CXX_LANGUAGE_STANDARD = "gnu++14";
				CLANG_CXX_LIBRARY = "libc++";
				CLANG_ENABLE_MODULES = YES;
				CLANG_ENABLE_OBJC_ARC = YES;
				CLANG_ENABLE_OBJC_WEAK = YES;
				CLANG_WARN_BLOCK_CAPTURE_AUTORELEASING = YES;
				CLANG_WARN_BOOL_CONVERSION = YES;
				CLANG_WARN_COMMA = YES;
				CLANG_WARN_CONSTANT_CONVERSION = YES;
				CLANG_WARN_DEPRECATED_OBJC_IMPLEMENTATIONS = YES;
				CLANG_WARN_DIRECT_OBJC_ISA_USAGE = YES_ERROR;
				CLANG_WARN_DOCUMENTATION_COMMENTS = YES;
				CLANG_WARN_EMPTY_BODY = YES;
				CLANG_WARN_ENUM_CONVERSION = YES;
				CLANG_WARN_INFINITE_RECURSION = YES;
				CLANG_WARN_INT_CONVERSION = YES;
				CLANG_WARN_NON_LITERAL_NULL_CONVERSION = YES;
				CLANG_WARN_OBJC_IMPLICIT_RETAIN_SELF = YES;
				CLANG_WARN_OBJC_LITERAL_CONVERSION = YES;
				CLANG_WARN_OBJC_ROOT_CLASS = YES_ERROR;
				CLANG_WARN_QUOTED_INCLUDE_IN_FRAMEWORK_HEADER = YES;
				CLANG_WARN_RANGE_LOOP_ANALYSIS = YES;
				CLANG_WARN_STRICT_PROTOTYPES = YES;
				CLANG_WARN_SUSPICIOUS_MOVE = YES;
				CLANG_WARN_UNGUARDED_AVAILABILITY = YES_AGGRESSIVE;
				CLANG_WARN_UNREACHABLE_CODE = YES;
				CLANG_WARN__DUPLICATE_METHOD_MATCH = YES;
				COPY_PHASE_STRIP = NO;
				DEBUG_INFORMATION_FORMAT = dwarf;
				ENABLE_STRICT_OBJC_MSGSEND = YES;
				ENABLE_TESTABILITY = YES;
				GCC_C_LANGUAGE_STANDARD = gnu11;
				GCC_DYNAMIC_NO_PIC = NO;
				GCC_NO_COMMON_BLOCKS = YES;
				GCC_OPTIMIZATION_LEVEL = 0;
				GCC_PREPROCESSOR_DEFINITIONS = (
					"DEBUG=1",
					"$(inherited)",
				);
				GCC_WARN_64_TO_32_BIT_CONVERSION = YES;
				GCC_WARN_ABOUT_RETURN_TYPE = YES_ERROR;
				GCC_WARN_UNDECLARED_SELECTOR = YES;
				GCC_WARN_UNINITIALIZED_AUTOS = YES_AGGRESSIVE;
				GCC_WARN_UNUSED_FUNCTION = YES;
				GCC_WARN_UNUSED_VARIABLE = YES;
				MACOSX_DEPLOYMENT_TARGET = 10.12;
				MTL_ENABLE_DEBUG_INFO = INCLUDE_SOURCE;
				MTL_FAST_MATH = YES;
				ONLY_ACTIVE_ARCH = YES;
				SDKROOT = macosx;
				SWIFT_ACTIVE_COMPILATION_CONDITIONS = DEBUG;
				SWIFT_OPTIMIZATION_LEVEL = "-Onone";
			};
			name = Debug;
		};
		4832706F233A786C008AA777 /* Release */ = {
			isa = XCBuildConfiguration;
			buildSettings = {
				ALWAYS_SEARCH_USER_PATHS = NO;
				CLANG_ANALYZER_NONNULL = YES;
				CLANG_ANALYZER_NUMBER_OBJECT_CONVERSION = YES_AGGRESSIVE;
				CLANG_CXX_LANGUAGE_STANDARD = "gnu++14";
				CLANG_CXX_LIBRARY = "libc++";
				CLANG_ENABLE_MODULES = YES;
				CLANG_ENABLE_OBJC_ARC = YES;
				CLANG_ENABLE_OBJC_WEAK = YES;
				CLANG_WARN_BLOCK_CAPTURE_AUTORELEASING = YES;
				CLANG_WARN_BOOL_CONVERSION = YES;
				CLANG_WARN_COMMA = YES;
				CLANG_WARN_CONSTANT_CONVERSION = YES;
				CLANG_WARN_DEPRECATED_OBJC_IMPLEMENTATIONS = YES;
				CLANG_WARN_DIRECT_OBJC_ISA_USAGE = YES_ERROR;
				CLANG_WARN_DOCUMENTATION_COMMENTS = YES;
				CLANG_WARN_EMPTY_BODY = YES;
				CLANG_WARN_ENUM_CONVERSION = YES;
				CLANG_WARN_INFINITE_RECURSION = YES;
				CLANG_WARN_INT_CONVERSION = YES;
				CLANG_WARN_NON_LITERAL_NULL_CONVERSION = YES;
				CLANG_WARN_OBJC_IMPLICIT_RETAIN_SELF = YES;
				CLANG_WARN_OBJC_LITERAL_CONVERSION = YES;
				CLANG_WARN_OBJC_ROOT_CLASS = YES_ERROR;
				CLANG_WARN_QUOTED_INCLUDE_IN_FRAMEWORK_HEADER = YES;
				CLANG_WARN_RANGE_LOOP_ANALYSIS = YES;
				CLANG_WARN_STRICT_PROTOTYPES = YES;
				CLANG_WARN_SUSPICIOUS_MOVE = YES;
				CLANG_WARN_UNGUARDED_AVAILABILITY = YES_AGGRESSIVE;
				CLANG_WARN_UNREACHABLE_CODE = YES;
				CLANG_WARN__DUPLICATE_METHOD_MATCH = YES;
				COPY_PHASE_STRIP = NO;
				DEBUG_INFORMATION_FORMAT = "dwarf-with-dsym";
				ENABLE_NS_ASSERTIONS = NO;
				ENABLE_STRICT_OBJC_MSGSEND = YES;
				GCC_C_LANGUAGE_STANDARD = gnu11;
				GCC_NO_COMMON_BLOCKS = YES;
				GCC_WARN_64_TO_32_BIT_CONVERSION = YES;
				GCC_WARN_ABOUT_RETURN_TYPE = YES_ERROR;
				GCC_WARN_UNDECLARED_SELECTOR = YES;
				GCC_WARN_UNINITIALIZED_AUTOS = YES_AGGRESSIVE;
				GCC_WARN_UNUSED_FUNCTION = YES;
				GCC_WARN_UNUSED_VARIABLE = YES;
				MACOSX_DEPLOYMENT_TARGET = 10.12;
				MTL_ENABLE_DEBUG_INFO = NO;
				MTL_FAST_MATH = YES;
				SDKROOT = macosx;
				SWIFT_COMPILATION_MODE = wholemodule;
				SWIFT_OPTIMIZATION_LEVEL = "-O";
			};
			name = Release;
		};
		48327071233A786C008AA777 /* Debug */ = {
			isa = XCBuildConfiguration;
			buildSettings = {
				ASSETCATALOG_COMPILER_APPICON_NAME = AppIcon;
				CODE_SIGN_ENTITLEMENTS = SimBatchDelete/SimBatchDelete.entitlements;
				CODE_SIGN_IDENTITY = "-";
				CODE_SIGN_STYLE = Automatic;
				COMBINE_HIDPI_IMAGES = YES;
				DEVELOPMENT_TEAM = "";
				ENABLE_HARDENED_RUNTIME = NO;
				INFOPLIST_FILE = SimBatchDelete/Info.plist;
				LD_RUNPATH_SEARCH_PATHS = (
					"$(inherited)",
					"@executable_path/../Frameworks",
				);
				PRODUCT_BUNDLE_IDENTIFIER = net.pakaz.SimBatchDelete;
				PRODUCT_NAME = "$(TARGET_NAME)";
				SWIFT_VERSION = 5.0;
			};
			name = Debug;
		};
		48327072233A786C008AA777 /* Release */ = {
			isa = XCBuildConfiguration;
			buildSettings = {
				ASSETCATALOG_COMPILER_APPICON_NAME = AppIcon;
				CODE_SIGN_ENTITLEMENTS = SimBatchDelete/SimBatchDelete.entitlements;
				CODE_SIGN_IDENTITY = "-";
				CODE_SIGN_STYLE = Automatic;
				COMBINE_HIDPI_IMAGES = YES;
				DEVELOPMENT_TEAM = "";
				ENABLE_HARDENED_RUNTIME = NO;
				INFOPLIST_FILE = SimBatchDelete/Info.plist;
				LD_RUNPATH_SEARCH_PATHS = (
					"$(inherited)",
					"@executable_path/../Frameworks",
				);
				PRODUCT_BUNDLE_IDENTIFIER = net.pakaz.SimBatchDelete;
				PRODUCT_NAME = "$(TARGET_NAME)";
				SWIFT_VERSION = 5.0;
			};
			name = Release;
		};
/* End XCBuildConfiguration section */

/* Begin XCConfigurationList section */
		4832705B233A786B008AA777 /* Build configuration list for PBXProject "SimBatchDelete" */ = {
			isa = XCConfigurationList;
			buildConfigurations = (
				4832706E233A786C008AA777 /* Debug */,
				4832706F233A786C008AA777 /* Release */,
			);
			defaultConfigurationIsVisible = 0;
			defaultConfigurationName = Release;
		};
		48327070233A786C008AA777 /* Build configuration list for PBXNativeTarget "SimBatchDelete" */ = {
			isa = XCConfigurationList;
			buildConfigurations = (
				48327071233A786C008AA777 /* Debug */,
				48327072233A786C008AA777 /* Release */,
			);
			defaultConfigurationIsVisible = 0;
			defaultConfigurationName = Release;
		};
/* End XCConfigurationList section */
	};
	rootObject = 48327058233A786B008AA777 /* Project object */;
}
